
Microsoft Visual Studio Solution File, Format Version 12.00
# Visual Studio Version 16
VisualStudioVersion = 16.0.29519.181
MinimumVisualStudioVersion = 10.0.40219.1
Project("{FAE04EC0-301F-11D3-BF4B-00C04F79EFBC}") = "MyEcommerceAPP", "MyEcommerceAPP\MyEcommerceAPP.csproj", "{4B73EC0B-BDE6-4CB4-AE5B-92F9AB07BC0B}"
EndProject
Global
	GlobalSection(SolutionConfigurationPlatforms) = preSolution
		Debug|Any CPU = Debug|Any CPU
		Release|Any CPU = Release|Any CPU
	EndGlobalSection
	GlobalSection(ProjectConfigurationPlatforms) = postSolution
		{4B73EC0B-BDE6-4CB4-AE5B-92F9AB07BC0B}.Debug|Any CPU.ActiveCfg = Debug|Any CPU
		{4B73EC0B-BDE6-4CB4-AE5B-92F9AB07BC0B}.Debug|Any CPU.Build.0 = Debug|Any CPU
		{4B73EC0B-BDE6-4CB4-AE5B-92F9AB07BC0B}.Release|Any CPU.ActiveCfg = Release|Any CPU
		{4B73EC0B-BDE6-4CB4-AE5B-92F9AB07BC0B}.Release|Any CPU.Build.0 = Release|Any CPU
	EndGlobalSection
	GlobalSection(SolutionProperties) = preSolution
		HideSolutionNode = FALSE
	EndGlobalSection
	GlobalSection(ExtensibilityGlobals) = postSolution
		SolutionGuid = {FEA673A9-E889-442B-8031-408163DB733E}
	EndGlobalSection
EndGlobal
